Microsoft Visual Studio Solution File, Format Version 11.00
# Visual Studio 2008

Project("{0A527305-97FB-4FFA-01FC-117D9E71E3A9}") = "Example", "Assembly-CSharp.csproj", "{CC8ECD15-D248-3044-CBD9-85E15547FD38}"
EndProject
Project("{0A527305-97FB-4FFA-01FC-117D9E71E3A9}") = "Example", "Assembly-UnityScript-firstpass.unityproj", "{9753204F-FE99-ED6F-8C22-F9BEDEDFB126}"
EndProject
Project("{0A527305-97FB-4FFA-01FC-117D9E71E3A9}") = "Example", "Assembly-UnityScript.unityproj", "{5EBF87C6-A64A-E529-A96D-1A17BF39338F}"
EndProject
Project("{0A527305-97FB-4FFA-01FC-117D9E71E3A9}") = "Example", "Assembly-UnityScript-Editor.unityproj", "{073961B8-81E3-A45F-22E9-302A4F24EE7F}"
EndProject
Global
	GlobalSection(SolutionConfigurationPlatforms) = preSolution
		Debug|Any CPU = Debug|Any CPU
		Release|Any CPU = Release|Any CPU
	EndGlobalSection
	GlobalSection(ProjectConfigurationPlatforms) = postSolution
		{CC8ECD15-D248-3044-CBD9-85E15547FD38}.Debug|Any CPU.ActiveCfg = Debug|Any CPU
		{CC8ECD15-D248-3044-CBD9-85E15547FD38}.Debug|Any CPU.Build.0 = Debug|Any CPU
		{CC8ECD15-D248-3044-CBD9-85E15547FD38}.Release|Any CPU.ActiveCfg = Release|Any CPU
		{CC8ECD15-D248-3044-CBD9-85E15547FD38}.Release|Any CPU.Build.0 = Release|Any CPU
		{9753204F-FE99-ED6F-8C22-F9BEDEDFB126}.Debug|Any CPU.ActiveCfg = Debug|Any CPU
		{9753204F-FE99-ED6F-8C22-F9BEDEDFB126}.Debug|Any CPU.Build.0 = Debug|Any CPU
		{9753204F-FE99-ED6F-8C22-F9BEDEDFB126}.Release|Any CPU.ActiveCfg = Release|Any CPU
		{9753204F-FE99-ED6F-8C22-F9BEDEDFB126}.Release|Any CPU.Build.0 = Release|Any CPU
		{5EBF87C6-A64A-E529-A96D-1A17BF39338F}.Debug|Any CPU.ActiveCfg = Debug|Any CPU
		{5EBF87C6-A64A-E529-A96D-1A17BF39338F}.Debug|Any CPU.Build.0 = Debug|Any CPU
		{5EBF87C6-A64A-E529-A96D-1A17BF39338F}.Release|Any CPU.ActiveCfg = Release|Any CPU
		{5EBF87C6-A64A-E529-A96D-1A17BF39338F}.Release|Any CPU.Build.0 = Release|Any CPU
		{073961B8-81E3-A45F-22E9-302A4F24EE7F}.Debug|Any CPU.ActiveCfg = Debug|Any CPU
		{073961B8-81E3-A45F-22E9-302A4F24EE7F}.Debug|Any CPU.Build.0 = Debug|Any CPU
		{073961B8-81E3-A45F-22E9-302A4F24EE7F}.Release|Any CPU.ActiveCfg = Release|Any CPU
		{073961B8-81E3-A45F-22E9-302A4F24EE7F}.Release|Any CPU.Build.0 = Release|Any CPU
	EndGlobalSection
	GlobalSection(SolutionProperties) = preSolution
		HideSolutionNode = FALSE
	EndGlobalSection
													GlobalSection(MonoDevelopProperties) = preSolution
		StartupItem = Assembly-CSharp.csproj
		Policies = $0
		$0.TextStylePolicy = $1
		$1.inheritsSet = null
		$1.scope = text/x-csharp
		$0.CSharpFormattingPolicy = $2
		$2.inheritsSet = Mono
		$2.inheritsScope = text/x-csharp
		$2.scope = text/x-csharp
		$0.TextStylePolicy = $3
		$3.FileWidth = 120
		$3.TabWidth = 4
		$3.EolMarker = Unix
		$3.inheritsSet = Mono
		$3.inheritsScope = text/plain
		$3.scope = text/plain
	EndGlobalSection

EndGlobal
